
Microsoft Visual Studio Solution File, Format Version 12.00
# Visual Studio 15
VisualStudioVersion = 15.0.28010.2050
MinimumVisualStudioVersion = 10.0.40219.1
Project("{FAE04EC0-301F-11D3-BF4B-00C04F79EFBC}") = "TestApp.Android", "TestApp\TestApp.Android\TestApp.Android.csproj", "{A8F2D525-9579-4E5C-927A-EE65EC016593}"
EndProject
Project("{9A19103F-16F7-4668-BE54-9A1E7A4F7556}") = "TestApp", "TestApp\TestApp\TestApp.csproj", "{5CC25E0F-5ACB-460E-AB81-FD2A2C7BE117}"
EndProject
Project("{FAE04EC0-301F-11D3-BF4B-00C04F79EFBC}") = "WebService", "WebService\WebService.csproj", "{B412B27C-9C4E-4206-98A2-CA70128D265E}"
EndProject
Project("{FAE04EC0-301F-11D3-BF4B-00C04F79EFBC}") = "DatabaseFirstEFLibrary", "DatabaseFirstEFLibrary\DatabaseFirstEFLibrary.csproj", "{37C0F0B3-9F19-4583-BE75-8C1ACD7C52CC}"
EndProject
Global
	GlobalSection(SolutionConfigurationPlatforms) = preSolution
		Debug|Any CPU = Debug|Any CPU
		Release|Any CPU = Release|Any CPU
	EndGlobalSection
	GlobalSection(ProjectConfigurationPlatforms) = postSolution
		{A8F2D525-9579-4E5C-927A-EE65EC016593}.Debug|Any CPU.ActiveCfg = Debug|Any CPU
		{A8F2D525-9579-4E5C-927A-EE65EC016593}.Debug|Any CPU.Build.0 = Debug|Any CPU
		{A8F2D525-9579-4E5C-927A-EE65EC016593}.Debug|Any CPU.Deploy.0 = Debug|Any CPU
		{A8F2D525-9579-4E5C-927A-EE65EC016593}.Release|Any CPU.ActiveCfg = Release|Any CPU
		{A8F2D525-9579-4E5C-927A-EE65EC016593}.Release|Any CPU.Build.0 = Release|Any CPU
		{A8F2D525-9579-4E5C-927A-EE65EC016593}.Release|Any CPU.Deploy.0 = Release|Any CPU
		{5CC25E0F-5ACB-460E-AB81-FD2A2C7BE117}.Debug|Any CPU.ActiveCfg = Debug|Any CPU
		{5CC25E0F-5ACB-460E-AB81-FD2A2C7BE117}.Debug|Any CPU.Build.0 = Debug|Any CPU
		{5CC25E0F-5ACB-460E-AB81-FD2A2C7BE117}.Debug|Any CPU.Deploy.0 = Debug|Any CPU
		{5CC25E0F-5ACB-460E-AB81-FD2A2C7BE117}.Release|Any CPU.ActiveCfg = Release|Any CPU
		{5CC25E0F-5ACB-460E-AB81-FD2A2C7BE117}.Release|Any CPU.Build.0 = Release|Any CPU
		{5CC25E0F-5ACB-460E-AB81-FD2A2C7BE117}.Release|Any CPU.Deploy.0 = Release|Any CPU
		{B412B27C-9C4E-4206-98A2-CA70128D265E}.Debug|Any CPU.ActiveCfg = Debug|Any CPU
		{B412B27C-9C4E-4206-98A2-CA70128D265E}.Debug|Any CPU.Build.0 = Debug|Any CPU
		{B412B27C-9C4E-4206-98A2-CA70128D265E}.Release|Any CPU.ActiveCfg = Release|Any CPU
		{B412B27C-9C4E-4206-98A2-CA70128D265E}.Release|Any CPU.Build.0 = Release|Any CPU
		{37C0F0B3-9F19-4583-BE75-8C1ACD7C52CC}.Debug|Any CPU.ActiveCfg = Debug|Any CPU
		{37C0F0B3-9F19-4583-BE75-8C1ACD7C52CC}.Debug|Any CPU.Build.0 = Debug|Any CPU
		{37C0F0B3-9F19-4583-BE75-8C1ACD7C52CC}.Release|Any CPU.ActiveCfg = Release|Any CPU
		{37C0F0B3-9F19-4583-BE75-8C1ACD7C52CC}.Release|Any CPU.Build.0 = Release|Any CPU
	EndGlobalSection
	GlobalSection(SolutionProperties) = preSolution
		HideSolutionNode = FALSE
	EndGlobalSection
	GlobalSection(ExtensibilityGlobals) = postSolution
		SolutionGuid = {6B7C8780-15F7-4F4E-A4D9-50E8F50079CB}
	EndGlobalSection
EndGlobal
